
Microsoft Visual Studio Solution File, Format Version 12.00
# Visual Studio 15
VisualStudioVersion = 15.0.28307.421
MinimumVisualStudioVersion = 10.0.40219.1
Project("{FAE04EC0-301F-11D3-BF4B-00C04F79EFBC}") = "ClassLibrary", "..\ClassLibrary\ClassLibrary.csproj", "{D4052786-B251-4E27-8D88-D3BCA163D39A}"
EndProject
Project("{FAE04EC0-301F-11D3-BF4B-00C04F79EFBC}") = "WEBAPI", "WEBAPI.csproj", "{06EE6BD5-7A72-46DE-80BB-10E0B625DF94}"
EndProject
Project("{FAE04EC0-301F-11D3-BF4B-00C04F79EFBC}") = "WebApp", "..\WebApp\WebApp.csproj", "{35A1C34E-2999-4713-80C6-FBCFDA33AA2F}"
EndProject
Global
	GlobalSection(SolutionConfigurationPlatforms) = preSolution
		Debug|Any CPU = Debug|Any CPU
		Release|Any CPU = Release|Any CPU
	EndGlobalSection
	GlobalSection(ProjectConfigurationPlatforms) = postSolution
		{D4052786-B251-4E27-8D88-D3BCA163D39A}.Debug|Any CPU.ActiveCfg = Debug|Any CPU
		{D4052786-B251-4E27-8D88-D3BCA163D39A}.Debug|Any CPU.Build.0 = Debug|Any CPU
		{D4052786-B251-4E27-8D88-D3BCA163D39A}.Release|Any CPU.ActiveCfg = Release|Any CPU
		{D4052786-B251-4E27-8D88-D3BCA163D39A}.Release|Any CPU.Build.0 = Release|Any CPU
		{06EE6BD5-7A72-46DE-80BB-10E0B625DF94}.Debug|Any CPU.ActiveCfg = Debug|Any CPU
		{06EE6BD5-7A72-46DE-80BB-10E0B625DF94}.Debug|Any CPU.Build.0 = Debug|Any CPU
		{06EE6BD5-7A72-46DE-80BB-10E0B625DF94}.Release|Any CPU.ActiveCfg = Release|Any CPU
		{06EE6BD5-7A72-46DE-80BB-10E0B625DF94}.Release|Any CPU.Build.0 = Release|Any CPU
		{35A1C34E-2999-4713-80C6-FBCFDA33AA2F}.Debug|Any CPU.ActiveCfg = Debug|Any CPU
		{35A1C34E-2999-4713-80C6-FBCFDA33AA2F}.Debug|Any CPU.Build.0 = Debug|Any CPU
		{35A1C34E-2999-4713-80C6-FBCFDA33AA2F}.Release|Any CPU.ActiveCfg = Release|Any CPU
		{35A1C34E-2999-4713-80C6-FBCFDA33AA2F}.Release|Any CPU.Build.0 = Release|Any CPU
	EndGlobalSection
	GlobalSection(SolutionProperties) = preSolution
		HideSolutionNode = FALSE
	EndGlobalSection
	GlobalSection(ExtensibilityGlobals) = postSolution
		SolutionGuid = {2CBC75EB-544C-48C2-9672-A33DBEA4A572}
	EndGlobalSection
EndGlobal
